
Microsoft Visual Studio Solution File, Format Version 12.00
# Visual Studio Version 16
VisualStudioVersion = 16.0.31005.135
MinimumVisualStudioVersion = 10.0.40219.1
Project("{FAE04EC0-301F-11D3-BF4B-00C04F79EFBC}") = "RussianPawnMultiplication", "RussianPawnMultiplication\RussianPawnMultiplication.csproj", "{FDA3FEA7-C96F-4622-BD68-038199601CCE}"
EndProject
Global
	GlobalSection(SolutionConfigurationPlatforms) = preSolution
		Debug|Any CPU = Debug|Any CPU
		Release|Any CPU = Release|Any CPU
	EndGlobalSection
	GlobalSection(ProjectConfigurationPlatforms) = postSolution
		{FDA3FEA7-C96F-4622-BD68-038199601CCE}.Debug|Any CPU.ActiveCfg = Debug|Any CPU
		{FDA3FEA7-C96F-4622-BD68-038199601CCE}.Debug|Any CPU.Build.0 = Debug|Any CPU
		{FDA3FEA7-C96F-4622-BD68-038199601CCE}.Release|Any CPU.ActiveCfg = Release|Any CPU
		{FDA3FEA7-C96F-4622-BD68-038199601CCE}.Release|Any CPU.Build.0 = Release|Any CPU
	EndGlobalSection
	GlobalSection(SolutionProperties) = preSolution
		HideSolutionNode = FALSE
	EndGlobalSection
	GlobalSection(ExtensibilityGlobals) = postSolution
		SolutionGuid = {EC19E8EA-6D05-49F3-82E5-CCF5B0CF6440}
	EndGlobalSection
EndGlobal
